
Microsoft Visual Studio Solution File, Format Version 12.00
# Visual Studio Version 17
VisualStudioVersion = 17.0.32014.148
MinimumVisualStudioVersion = 10.0.40219.1
Project("{FAE04EC0-301F-11D3-BF4B-00C04F79EFBC}") = "Skinet", ".\Skinet\Skinet.csproj", "{C0447E0A-69B8-4E38-8823-7EE634DC5EAA}"
EndProject
Project("{FAE04EC0-301F-11D3-BF4B-00C04F79EFBC}") = "Skinet.Core", ".\Skinet.Core\Skinet.Core.csproj", "{7C15B5BA-2C2D-4DBD-99F9-3A6772AE0C4C}"
EndProject
Project("{FAE04EC0-301F-11D3-BF4B-00C04F79EFBC}") = "Skinet.Infrastructure", ".\Skinet.Infrastructure\Skinet.Infrastructure.csproj", "{903C2FB9-6890-4664-A961-2A4B8CA1EBAB}"
EndProject
Global
	GlobalSection(SolutionConfigurationPlatforms) = preSolution
		Debug|Any CPU = Debug|Any CPU
		Release|Any CPU = Release|Any CPU
	EndGlobalSection
	GlobalSection(ProjectConfigurationPlatforms) = postSolution
		{C0447E0A-69B8-4E38-8823-7EE634DC5EAA}.Debug|Any CPU.ActiveCfg = Debug|Any CPU
		{C0447E0A-69B8-4E38-8823-7EE634DC5EAA}.Debug|Any CPU.Build.0 = Debug|Any CPU
		{C0447E0A-69B8-4E38-8823-7EE634DC5EAA}.Release|Any CPU.ActiveCfg = Release|Any CPU
		{C0447E0A-69B8-4E38-8823-7EE634DC5EAA}.Release|Any CPU.Build.0 = Release|Any CPU
		{7C15B5BA-2C2D-4DBD-99F9-3A6772AE0C4C}.Debug|Any CPU.ActiveCfg = Debug|Any CPU
		{7C15B5BA-2C2D-4DBD-99F9-3A6772AE0C4C}.Debug|Any CPU.Build.0 = Debug|Any CPU
		{7C15B5BA-2C2D-4DBD-99F9-3A6772AE0C4C}.Release|Any CPU.ActiveCfg = Release|Any CPU
		{7C15B5BA-2C2D-4DBD-99F9-3A6772AE0C4C}.Release|Any CPU.Build.0 = Release|Any CPU
		{903C2FB9-6890-4664-A961-2A4B8CA1EBAB}.Debug|Any CPU.ActiveCfg = Debug|Any CPU
		{903C2FB9-6890-4664-A961-2A4B8CA1EBAB}.Debug|Any CPU.Build.0 = Debug|Any CPU
		{903C2FB9-6890-4664-A961-2A4B8CA1EBAB}.Release|Any CPU.ActiveCfg = Release|Any CPU
		{903C2FB9-6890-4664-A961-2A4B8CA1EBAB}.Release|Any CPU.Build.0 = Release|Any CPU
	EndGlobalSection
	GlobalSection(SolutionProperties) = preSolution
		HideSolutionNode = FALSE
	EndGlobalSection
	GlobalSection(ExtensibilityGlobals) = postSolution
		SolutionGuid = {D2D89F89-147A-46AE-97AF-C7899A66B314}
	EndGlobalSection
EndGlobal
